
Microsoft Visual Studio Solution File, Format Version 12.00
# Visual Studio Version 17
VisualStudioVersion = 17.0.31903.59
MinimumVisualStudioVersion = 10.0.40219.1
Project("{2150E333-8FDC-42A3-9474-1A3956D46DE8}") = "Src", "Src", "{DC0FE5AF-1433-4D2A-BA15-6D8A258FBF94}"
EndProject
Project("{2150E333-8FDC-42A3-9474-1A3956D46DE8}") = "Common", "Common", "{28EA480E-282C-4624-95DD-0305C691DCE8}"
EndProject
Project("{2150E333-8FDC-42A3-9474-1A3956D46DE8}") = "Core", "Core", "{B56DD081-518E-4277-A629-48A4D347E3D3}"
EndProject
Project("{2150E333-8FDC-42A3-9474-1A3956D46DE8}") = "Infrastracture", "Infrastracture", "{30A4018B-1D0A-4192-B473-34DCDAD6DC90}"
EndProject
Project("{2150E333-8FDC-42A3-9474-1A3956D46DE8}") = "Presentation", "Presentation", "{D3E35F1B-6A66-4709-9E17-2F8308DAD299}"
EndProject
Project("{2150E333-8FDC-42A3-9474-1A3956D46DE8}") = "Doc", "Doc", "{8E2568A4-559E-4F13-BEA4-CF3B071A549B}"
EndProject
Project("{2150E333-8FDC-42A3-9474-1A3956D46DE8}") = "Test", "Test", "{9102DDDD-FA2D-4659-AC39-89615754924C}"
EndProject
Project("{FAE04EC0-301F-11D3-BF4B-00C04F79EFBC}") = "Bugeto.Domain", "Bugeto.Domain\Bugeto.Domain.csproj", "{2AE53F3A-EC79-4BBE-8778-9A1F3D130DBA}"
EndProject
Project("{FAE04EC0-301F-11D3-BF4B-00C04F79EFBC}") = "Bugeto.Application", "Bugeto.Application\Bugeto.Application.csproj", "{9F0D1BF6-FC63-47EA-9C5F-C13AFAC79C90}"
EndProject
Project("{FAE04EC0-301F-11D3-BF4B-00C04F79EFBC}") = "Bugeto.Infrastructure", "Bugeto.Infrastructure\Bugeto.Infrastructure.csproj", "{0F92584A-7BB9-4650-99E8-CABB33D8F376}"
EndProject
Project("{FAE04EC0-301F-11D3-BF4B-00C04F79EFBC}") = "Bugeto.Persistance", "Bugeto.Persistance\Bugeto.Persistance.csproj", "{762B1E9F-53AA-4900-BB29-03CD240F898A}"
EndProject
Project("{FAE04EC0-301F-11D3-BF4B-00C04F79EFBC}") = "Bugeto.Common", "Bugeto.Common\Bugeto.Common.csproj", "{F5B7D453-F565-44EC-ADBB-6F3405C1E56D}"
EndProject
Project("{FAE04EC0-301F-11D3-BF4B-00C04F79EFBC}") = "Endpoint.Site", "Endpoint.Site\Endpoint.Site.csproj", "{F10C2BFF-0BE2-4A62-8C1A-A1CF60526AEF}"
EndProject
Global
	GlobalSection(SolutionConfigurationPlatforms) = preSolution
		Debug|Any CPU = Debug|Any CPU
		Release|Any CPU = Release|Any CPU
	EndGlobalSection
	GlobalSection(ProjectConfigurationPlatforms) = postSolution
		{2AE53F3A-EC79-4BBE-8778-9A1F3D130DBA}.Debug|Any CPU.ActiveCfg = Debug|Any CPU
		{2AE53F3A-EC79-4BBE-8778-9A1F3D130DBA}.Debug|Any CPU.Build.0 = Debug|Any CPU
		{2AE53F3A-EC79-4BBE-8778-9A1F3D130DBA}.Release|Any CPU.ActiveCfg = Release|Any CPU
		{2AE53F3A-EC79-4BBE-8778-9A1F3D130DBA}.Release|Any CPU.Build.0 = Release|Any CPU
		{9F0D1BF6-FC63-47EA-9C5F-C13AFAC79C90}.Debug|Any CPU.ActiveCfg = Debug|Any CPU
		{9F0D1BF6-FC63-47EA-9C5F-C13AFAC79C90}.Debug|Any CPU.Build.0 = Debug|Any CPU
		{9F0D1BF6-FC63-47EA-9C5F-C13AFAC79C90}.Release|Any CPU.ActiveCfg = Release|Any CPU
		{9F0D1BF6-FC63-47EA-9C5F-C13AFAC79C90}.Release|Any CPU.Build.0 = Release|Any CPU
		{0F92584A-7BB9-4650-99E8-CABB33D8F376}.Debug|Any CPU.ActiveCfg = Debug|Any CPU
		{0F92584A-7BB9-4650-99E8-CABB33D8F376}.Debug|Any CPU.Build.0 = Debug|Any CPU
		{0F92584A-7BB9-4650-99E8-CABB33D8F376}.Release|Any CPU.ActiveCfg = Release|Any CPU
		{0F92584A-7BB9-4650-99E8-CABB33D8F376}.Release|Any CPU.Build.0 = Release|Any CPU
		{762B1E9F-53AA-4900-BB29-03CD240F898A}.Debug|Any CPU.ActiveCfg = Debug|Any CPU
		{762B1E9F-53AA-4900-BB29-03CD240F898A}.Debug|Any CPU.Build.0 = Debug|Any CPU
		{762B1E9F-53AA-4900-BB29-03CD240F898A}.Release|Any CPU.ActiveCfg = Release|Any CPU
		{762B1E9F-53AA-4900-BB29-03CD240F898A}.Release|Any CPU.Build.0 = Release|Any CPU
		{F5B7D453-F565-44EC-ADBB-6F3405C1E56D}.Debug|Any CPU.ActiveCfg = Debug|Any CPU
		{F5B7D453-F565-44EC-ADBB-6F3405C1E56D}.Debug|Any CPU.Build.0 = Debug|Any CPU
		{F5B7D453-F565-44EC-ADBB-6F3405C1E56D}.Release|Any CPU.ActiveCfg = Release|Any CPU
		{F5B7D453-F565-44EC-ADBB-6F3405C1E56D}.Release|Any CPU.Build.0 = Release|Any CPU
		{F10C2BFF-0BE2-4A62-8C1A-A1CF60526AEF}.Debug|Any CPU.ActiveCfg = Debug|Any CPU
		{F10C2BFF-0BE2-4A62-8C1A-A1CF60526AEF}.Debug|Any CPU.Build.0 = Debug|Any CPU
		{F10C2BFF-0BE2-4A62-8C1A-A1CF60526AEF}.Release|Any CPU.ActiveCfg = Release|Any CPU
		{F10C2BFF-0BE2-4A62-8C1A-A1CF60526AEF}.Release|Any CPU.Build.0 = Release|Any CPU
	EndGlobalSection
	GlobalSection(SolutionProperties) = preSolution
		HideSolutionNode = FALSE
	EndGlobalSection
	GlobalSection(NestedProjects) = preSolution
		{28EA480E-282C-4624-95DD-0305C691DCE8} = {DC0FE5AF-1433-4D2A-BA15-6D8A258FBF94}
		{B56DD081-518E-4277-A629-48A4D347E3D3} = {DC0FE5AF-1433-4D2A-BA15-6D8A258FBF94}
		{30A4018B-1D0A-4192-B473-34DCDAD6DC90} = {DC0FE5AF-1433-4D2A-BA15-6D8A258FBF94}
		{D3E35F1B-6A66-4709-9E17-2F8308DAD299} = {DC0FE5AF-1433-4D2A-BA15-6D8A258FBF94}
		{2AE53F3A-EC79-4BBE-8778-9A1F3D130DBA} = {B56DD081-518E-4277-A629-48A4D347E3D3}
		{9F0D1BF6-FC63-47EA-9C5F-C13AFAC79C90} = {B56DD081-518E-4277-A629-48A4D347E3D3}
		{0F92584A-7BB9-4650-99E8-CABB33D8F376} = {30A4018B-1D0A-4192-B473-34DCDAD6DC90}
		{762B1E9F-53AA-4900-BB29-03CD240F898A} = {30A4018B-1D0A-4192-B473-34DCDAD6DC90}
		{F5B7D453-F565-44EC-ADBB-6F3405C1E56D} = {28EA480E-282C-4624-95DD-0305C691DCE8}
		{F10C2BFF-0BE2-4A62-8C1A-A1CF60526AEF} = {D3E35F1B-6A66-4709-9E17-2F8308DAD299}
	EndGlobalSection
	GlobalSection(ExtensibilityGlobals) = postSolution
		SolutionGuid = {E1F68B28-75C8-4B77-94BD-06AE3AD15432}
	EndGlobalSection
EndGlobal
